github.com/SolarLune/resolv v0.0.0-20181021052647-670b76ab72fb h1:DjsE11+350rVqTAj5JVcOPnue4hQmY1DW7nG8/CPXcA=
github.com/SolarLune/resolv v0.0.0-20181021052647-670b76ab72fb/go.mod h1:Ov0hOC/Xa1bCjByZrz5muPSE8pNZQZioXYMXxgx+K80=
github.com/lafriks/go-tiled v0.0.0-20170126064058-a51c9a1b70d4 h1:Z9eELJR+LXslmeFWCJ7nyq17IJn/vjZT3Wy1+BgeEgE=
github.com/lafriks/go-tiled v0.0.0-20170126064058-a51c9a1b70d4/go.mod h1:o7EHtBS9xOPV1Zz1brlpHab4UQ61m9N21BKC/qMBALo=
github.com/veandco/go-sdl2 v0.0.0-20180925095440-75ff82abc4e3 h1:S1dvzp6ZDdmz1M4oRQ6ceLwU6ZDCNvIa20zhJRHyKgE=
github.com/veandco/go-sdl2 v0.0.0-20180925095440-75ff82abc4e3/go.mod h1:FB+kTpX9YTE+urhYiClnRzpOXbiWgaU3+5F2AB78DPg=
